// !$*UTF8*$!
{
	archiveVersion = 1;
	classes = {
	};
	objectVersion = 46;
	objects = {

/* Begin PBXBuildFile section */
		3A398DF3194FDC3100D48F8A /* Poker.m in Sources */ = {isa = PBXBuildFile; fileRef = 3A398DF2194FDC3100D48F8A /* Poker.m */; };
		C6C55576194F0E7C00552A27 /* TPCardParseManager.m in Sources */ = {isa = PBXBuildFile; fileRef = C6C55575194F0E7C00552A27 /* TPCardParseManager.m */; };
		C6FC92DA1945A21F00497983 /* Foundation.framework in Frameworks */ = {isa = PBXBuildFile; fileRef = C6FC92D91945A21F00497983 /* Foundation.framework */; };
		C6FC92DC1945A21F00497983 /* CoreGraphics.framework in Frameworks */ = {isa = PBXBuildFile; fileRef = C6FC92DB1945A21F00497983 /* CoreGraphics.framework */; };
		C6FC92DE1945A21F00497983 /* UIKit.framework in Frameworks */ = {isa = PBXBuildFile; fileRef = C6FC92DD1945A21F00497983 /* UIKit.framework */; };
		C6FC92E41945A21F00497983 /* InfoPlist.strings in Resources */ = {isa = PBXBuildFile; fileRef = C6FC92E21945A21F00497983 /* InfoPlist.strings */; };
		C6FC92E61945A21F00497983 /* main.m in Sources */ = {isa = PBXBuildFile; fileRef = C6FC92E51945A21F00497983 /* main.m */; };
		C6FC92EA1945A21F00497983 /* TPAppDelegate.m in Sources */ = {isa = PBXBuildFile; fileRef = C6FC92E91945A21F00497983 /* TPAppDelegate.m */; };
		C6FC92ED1945A21F00497983 /* Main.storyboard in Resources */ = {isa = PBXBuildFile; fileRef = C6FC92EB1945A21F00497983 /* Main.storyboard */; };
		C6FC92F01945A21F00497983 /* TPViewController.m in Sources */ = {isa = PBXBuildFile; fileRef = C6FC92EF1945A21F00497983 /* TPViewController.m */; };
		C6FC92F21945A21F00497983 /* Images.xcassets in Resources */ = {isa = PBXBuildFile; fileRef = C6FC92F11945A21F00497983 /* Images.xcassets */; };
		C6FC92F91945A22000497983 /* XCTest.framework in Frameworks */ = {isa = PBXBuildFile; fileRef = C6FC92F81945A22000497983 /* XCTest.framework */; };
		C6FC92FA1945A22000497983 /* Foundation.framework in Frameworks */ = {isa = PBXBuildFile; fileRef = C6FC92D91945A21F00497983 /* Foundation.framework */; };
		C6FC92FB1945A22000497983 /* UIKit.framework in Frameworks */ = {isa = PBXBuildFile; fileRef = C6FC92DD1945A21F00497983 /* UIKit.framework */; };
		C6FC93031945A22000497983 /* InfoPlist.strings in Resources */ = {isa = PBXBuildFile; fileRef = C6FC93011945A22000497983 /* InfoPlist.strings */; };
		C6FC93051945A22000497983 /* TexasProbabilityTests.m in Sources */ = {isa = PBXBuildFile; fileRef = C6FC93041945A22000497983 /* TexasProbabilityTests.m */; };
		C6FC93101945A35B00497983 /* AboutViewController.m in Sources */ = {isa = PBXBuildFile; fileRef = C6FC930F1945A35B00497983 /* AboutViewController.m */; };
		C6FC93151946FBD500497983 /* TPProbabilityManager.m in Sources */ = {isa = PBXBuildFile; fileRef = C6FC93141946FBD500497983 /* TPProbabilityManager.m */; };
/* End PBXBuildFile section */

/* Begin PBXContainerItemProxy section */
		C6FC92FC1945A22000497983 /* PBXContainerItemProxy */ = {
			isa = PBXContainerItemProxy;
			containerPortal = C6FC92CE1945A21F00497983 /* Project object */;
			proxyType = 1;
			remoteGlobalIDString = C6FC92D51945A21F00497983;
			remoteInfo = TexasProbability;
		};
/* End PBXContainerItemProxy section */

/* Begin PBXFileReference section */
		3A398DF1194FDC3100D48F8A /* Poker.h */ = {isa = PBXFileReference; fileEncoding = 4; lastKnownFileType = sourcecode.c.h; path = Poker.h; sourceTree = "<group>"; };
		3A398DF2194FDC3100D48F8A /* Poker.m */ = {isa = PBXFileReference; fileEncoding = 4; lastKnownFileType = sourcecode.c.objc; path = Poker.m; sourceTree = "<group>"; };
		C6C55574194F0E7C00552A27 /* TPCardParseManager.h */ = {isa = PBXFileReference; fileEncoding = 4; lastKnownFileType = sourcecode.c.h; path = TPCardParseManager.h; sourceTree = "<group>"; };
		C6C55575194F0E7C00552A27 /* TPCardParseManager.m */ = {isa = PBXFileReference; fileEncoding = 4; lastKnownFileType = sourcecode.c.objc; path = TPCardParseManager.m; sourceTree = "<group>"; };
		C6FC92D61945A21F00497983 /* TexasProbability.app */ = {isa = PBXFileReference; explicitFileType = wrapper.application; includeInIndex = 0; path = TexasProbability.app; sourceTree = BUILT_PRODUCTS_DIR; };
		C6FC92D91945A21F00497983 /* Foundation.framework */ = {isa = PBXFileReference; lastKnownFileType = wrapper.framework; name = Foundation.framework; path = System/Library/Frameworks/Foundation.framework; sourceTree = SDKROOT; };
		C6FC92DB1945A21F00497983 /* CoreGraphics.framework */ = {isa = PBXFileReference; lastKnownFileType = wrapper.framework; name = CoreGraphics.framework; path = System/Library/Frameworks/CoreGraphics.framework; sourceTree = SDKROOT; };
		C6FC92DD1945A21F00497983 /* UIKit.framework */ = {isa = PBXFileReference; lastKnownFileType = wrapper.framework; name = UIKit.framework; path = System/Library/Frameworks/UIKit.framework; sourceTree = SDKROOT; };
		C6FC92E11945A21F00497983 /* TexasProbability-Info.plist */ = {isa = PBXFileReference; lastKnownFileType = text.plist.xml; path = "TexasProbability-Info.plist"; sourceTree = "<group>"; };
		C6FC92E31945A21F00497983 /* en */ = {isa = PBXFileReference; lastKnownFileType = text.plist.strings; name = en; path = en.lproj/InfoPlist.strings; sourceTree = "<group>"; };
		C6FC92E51945A21F00497983 /* main.m */ = {isa = PBXFileReference; lastKnownFileType = sourcecode.c.objc; path = main.m; sourceTree = "<group>"; };
		C6FC92E71945A21F00497983 /* TexasProbability-Prefix.pch */ = {isa = PBXFileReference; lastKnownFileType = sourcecode.c.h; path = "TexasProbability-Prefix.pch"; sourceTree = "<group>"; };
		C6FC92E81945A21F00497983 /* TPAppDelegate.h */ = {isa = PBXFileReference; lastKnownFileType = sourcecode.c.h; path = TPAppDelegate.h; sourceTree = "<group>"; };
		C6FC92E91945A21F00497983 /* TPAppDelegate.m */ = {isa = PBXFileReference; lastKnownFileType = sourcecode.c.objc; path = TPAppDelegate.m; sourceTree = "<group>"; };
		C6FC92EC1945A21F00497983 /* Base */ = {isa = PBXFileReference; lastKnownFileType = file.storyboard; name = Base; path = Base.lproj/Main.storyboard; sourceTree = "<group>"; };
		C6FC92EE1945A21F00497983 /* TPViewController.h */ = {isa = PBXFileReference; lastKnownFileType = sourcecode.c.h; path = TPViewController.h; sourceTree = "<group>"; };
		C6FC92EF1945A21F00497983 /* TPViewController.m */ = {isa = PBXFileReference; lastKnownFileType = sourcecode.c.objc; path = TPViewController.m; sourceTree = "<group>"; };
		C6FC92F11945A21F00497983 /* Images.xcassets */ = {isa = PBXFileReference; lastKnownFileType = folder.assetcatalog; path = Images.xcassets; sourceTree = "<group>"; };
		C6FC92F71945A22000497983 /* TexasProbabilityTests.xctest */ = {isa = PBXFileReference; explicitFileType = wrapper.cfbundle; includeInIndex = 0; path = TexasProbabilityTests.xctest; sourceTree = BUILT_PRODUCTS_DIR; };
		C6FC92F81945A22000497983 /* XCTest.framework */ = {isa = PBXFileReference; lastKnownFileType = wrapper.framework; name = XCTest.framework; path = Library/Frameworks/XCTest.framework; sourceTree = DEVELOPER_DIR; };
		C6FC93001945A22000497983 /* TexasProbabilityTests-Info.plist */ = {isa = PBXFileReference; lastKnownFileType = text.plist.xml; path = "TexasProbabilityTests-Info.plist"; sourceTree = "<group>"; };
		C6FC93021945A22000497983 /* en */ = {isa = PBXFileReference; lastKnownFileType = text.plist.strings; name = en; path = en.lproj/InfoPlist.strings; sourceTree = "<group>"; };
		C6FC93041945A22000497983 /* TexasProbabilityTests.m */ = {isa = PBXFileReference; lastKnownFileType = sourcecode.c.objc; path = TexasProbabilityTests.m; sourceTree = "<group>"; };
		C6FC930E1945A35B00497983 /* AboutViewController.h */ = {isa = PBXFileReference; fileEncoding = 4; lastKnownFileType = sourcecode.c.h; path = AboutViewController.h; sourceTree = "<group>"; };
		C6FC930F1945A35B00497983 /* AboutViewController.m */ = {isa = PBXFileReference; fileEncoding = 4; lastKnownFileType = sourcecode.c.objc; path = AboutViewController.m; sourceTree = "<group>"; };
		C6FC93131946FBD500497983 /* TPProbabilityManager.h */ = {isa = PBXFileReference; fileEncoding = 4; lastKnownFileType = sourcecode.c.h; path = TPProbabilityManager.h; sourceTree = "<group>"; };
		C6FC93141946FBD500497983 /* TPProbabilityManager.m */ = {isa = PBXFileReference; fileEncoding = 4; lastKnownFileType = sourcecode.c.objc; path = TPProbabilityManager.m; sourceTree = "<group>"; };
/* End PBXFileReference section */

/* Begin PBXFrameworksBuildPhase section */
		C6FC92D31945A21F00497983 /* Frameworks */ = {
			isa = PBXFrameworksBuildPhase;
			buildActionMask = 2147483647;
			files = (
				C6FC92DC1945A21F00497983 /* CoreGraphics.framework in Frameworks */,
				C6FC92DE1945A21F00497983 /* UIKit.framework in Frameworks */,
				C6FC92DA1945A21F00497983 /* Foundation.framework in Frameworks */,
			);
			runOnlyForDeploymentPostprocessing = 0;
		};
		C6FC92F41945A22000497983 /* Frameworks */ = {
			isa = PBXFrameworksBuildPhase;
			buildActionMask = 2147483647;
			files = (
				C6FC92F91945A22000497983 /* XCTest.framework in Frameworks */,
				C6FC92FB1945A22000497983 /* UIKit.framework in Frameworks */,
				C6FC92FA1945A22000497983 /* Foundation.framework in Frameworks */,
			);
			runOnlyForDeploymentPostprocessing = 0;
		};
/* End PBXFrameworksBuildPhase section */

/* Begin PBXGroup section */
		3A398DF0194FDC3100D48F8A /* Models */ = {
			isa = PBXGroup;
			children = (
				3A398DF1194FDC3100D48F8A /* Poker.h */,
				3A398DF2194FDC3100D48F8A /* Poker.m */,
			);
			path = Models;
			sourceTree = "<group>";
		};
		C6FC92CD1945A21F00497983 = {
			isa = PBXGroup;
			children = (
				C6FC92DF1945A21F00497983 /* TexasProbability */,
				C6FC92FE1945A22000497983 /* TexasProbabilityTests */,
				C6FC92D81945A21F00497983 /* Frameworks */,
				C6FC92D71945A21F00497983 /* Products */,
			);
			sourceTree = "<group>";
		};
		C6FC92D71945A21F00497983 /* Products */ = {
			isa = PBXGroup;
			children = (
				C6FC92D61945A21F00497983 /* TexasProbability.app */,
				C6FC92F71945A22000497983 /* TexasProbabilityTests.xctest */,
			);
			name = Products;
			sourceTree = "<group>";
		};
		C6FC92D81945A21F00497983 /* Frameworks */ = {
			isa = PBXGroup;
			children = (
				C6FC92D91945A21F00497983 /* Foundation.framework */,
				C6FC92DB1945A21F00497983 /* CoreGraphics.framework */,
				C6FC92DD1945A21F00497983 /* UIKit.framework */,
				C6FC92F81945A22000497983 /* XCTest.framework */,
			);
			name = Frameworks;
			sourceTree = "<group>";
		};
		C6FC92DF1945A21F00497983 /* TexasProbability */ = {
			isa = PBXGroup;
			children = (
				3A398DF0194FDC3100D48F8A /* Models */,
				C6FC92E81945A21F00497983 /* TPAppDelegate.h */,
				C6FC92E91945A21F00497983 /* TPAppDelegate.m */,
				C6FC92EB1945A21F00497983 /* Main.storyboard */,
				C6FC92EE1945A21F00497983 /* TPViewController.h */,
				C6FC92EF1945A21F00497983 /* TPViewController.m */,
				C6FC930E1945A35B00497983 /* AboutViewController.h */,
				C6FC930F1945A35B00497983 /* AboutViewController.m */,
				C6FC93131946FBD500497983 /* TPProbabilityManager.h */,
				C6FC93141946FBD500497983 /* TPProbabilityManager.m */,
				C6C55574194F0E7C00552A27 /* TPCardParseManager.h */,
				C6C55575194F0E7C00552A27 /* TPCardParseManager.m */,
				C6FC92F11945A21F00497983 /* Images.xcassets */,
				C6FC92E01945A21F00497983 /* Supporting Files */,
			);
			path = TexasProbability;
			sourceTree = "<group>";
		};
		C6FC92E01945A21F00497983 /* Supporting Files */ = {
			isa = PBXGroup;
			children = (
				C6FC92E11945A21F00497983 /* TexasProbability-Info.plist */,
				C6FC92E21945A21F00497983 /* InfoPlist.strings */,
				C6FC92E51945A21F00497983 /* main.m */,
				C6FC92E71945A21F00497983 /* TexasProbability-Prefix.pch */,
			);
			name = "Supporting Files";
			sourceTree = "<group>";
		};
		C6FC92FE1945A22000497983 /* TexasProbabilityTests */ = {
			isa = PBXGroup;
			children = (
				C6FC93041945A22000497983 /* TexasProbabilityTests.m */,
				C6FC92FF1945A22000497983 /* Supporting Files */,
			);
			path = TexasProbabilityTests;
			sourceTree = "<group>";
		};
		C6FC92FF1945A22000497983 /* Supporting Files */ = {
			isa = PBXGroup;
			children = (
				C6FC93001945A22000497983 /* TexasProbabilityTests-Info.plist */,
				C6FC93011945A22000497983 /* InfoPlist.strings */,
			);
			name = "Supporting Files";
			sourceTree = "<group>";
		};
/* End PBXGroup section */

/* Begin PBXNativeTarget section */
		C6FC92D51945A21F00497983 /* TexasProbability */ = {
			isa = PBXNativeTarget;
			buildConfigurationList = C6FC93081945A22000497983 /* Build configuration list for PBXNativeTarget "TexasProbability" */;
			buildPhases = (
				C6FC92D21945A21F00497983 /* Sources */,
				C6FC92D31945A21F00497983 /* Frameworks */,
				C6FC92D41945A21F00497983 /* Resources */,
			);
			buildRules = (
			);
			dependencies = (
			);
			name = TexasProbability;
			productName = TexasProbability;
			productReference = C6FC92D61945A21F00497983 /* TexasProbability.app */;
			productType = "com.apple.product-type.application";
		};
		C6FC92F61945A22000497983 /* TexasProbabilityTests */ = {
			isa = PBXNativeTarget;
			buildConfigurationList = C6FC930B1945A22000497983 /* Build configuration list for PBXNativeTarget "TexasProbabilityTests" */;
			buildPhases = (
				C6FC92F31945A22000497983 /* Sources */,
				C6FC92F41945A22000497983 /* Frameworks */,
				C6FC92F51945A22000497983 /* Resources */,
			);
			buildRules = (
			);
			dependencies = (
				C6FC92FD1945A22000497983 /* PBXTargetDependency */,
			);
			name = TexasProbabilityTests;
			productName = TexasProbabilityTests;
			productReference = C6FC92F71945A22000497983 /* TexasProbabilityTests.xctest */;
			productType = "com.apple.product-type.bundle.unit-test";
		};
/* End PBXNativeTarget section */

/* Begin PBXProject section */
		C6FC92CE1945A21F00497983 /* Project object */ = {
			isa = PBXProject;
			attributes = {
				CLASSPREFIX = TP;
				LastUpgradeCheck = 0510;
				ORGANIZATIONNAME = "ocean tang";
				TargetAttributes = {
					C6FC92F61945A22000497983 = {
						TestTargetID = C6FC92D51945A21F00497983;
					};
				};
			};
			buildConfigurationList = C6FC92D11945A21F00497983 /* Build configuration list for PBXProject "TexasProbability" */;
			compatibilityVersion = "Xcode 3.2";
			developmentRegion = English;
			hasScannedForEncodings = 0;
			knownRegions = (
				en,
				Base,
			);
			mainGroup = C6FC92CD1945A21F00497983;
			productRefGroup = C6FC92D71945A21F00497983 /* Products */;
			projectDirPath = "";
			projectRoot = "";
			targets = (
				C6FC92D51945A21F00497983 /* TexasProbability */,
				C6FC92F61945A22000497983 /* TexasProbabilityTests */,
			);
		};
/* End PBXProject section */

/* Begin PBXResourcesBuildPhase section */
		C6FC92D41945A21F00497983 /* Resources */ = {
			isa = PBXResourcesBuildPhase;
			buildActionMask = 2147483647;
			files = (
				C6FC92F21945A21F00497983 /* Images.xcassets in Resources */,
				C6FC92E41945A21F00497983 /* InfoPlist.strings in Resources */,
				C6FC92ED1945A21F00497983 /* Main.storyboard in Resources */,
			);
			runOnlyForDeploymentPostprocessing = 0;
		};
		C6FC92F51945A22000497983 /* Resources */ = {
			isa = PBXResourcesBuildPhase;
			buildActionMask = 2147483647;
			files = (
				C6FC93031945A22000497983 /* InfoPlist.strings in Resources */,
			);
			runOnlyForDeploymentPostprocessing = 0;
		};
/* End PBXResourcesBuildPhase section */

/* Begin PBXSourcesBuildPhase section */
		C6FC92D21945A21F00497983 /* Sources */ = {
			isa = PBXSourcesBuildPhase;
			buildActionMask = 2147483647;
			files = (
				C6FC92F01945A21F00497983 /* TPViewController.m in Sources */,
				3A398DF3194FDC3100D48F8A /* Poker.m in Sources */,
				C6FC92EA1945A21F00497983 /* TPAppDelegate.m in Sources */,
				C6FC93101945A35B00497983 /* AboutViewController.m in Sources */,
				C6FC93151946FBD500497983 /* TPProbabilityManager.m in Sources */,
				C6FC92E61945A21F00497983 /* main.m in Sources */,
				C6C55576194F0E7C00552A27 /* TPCardParseManager.m in Sources */,
			);
			runOnlyForDeploymentPostprocessing = 0;
		};
		C6FC92F31945A22000497983 /* Sources */ = {
			isa = PBXSourcesBuildPhase;
			buildActionMask = 2147483647;
			files = (
				C6FC93051945A22000497983 /* TexasProbabilityTests.m in Sources */,
			);
			runOnlyForDeploymentPostprocessing = 0;
		};
/* End PBXSourcesBuildPhase section */

/* Begin PBXTargetDependency section */
		C6FC92FD1945A22000497983 /* PBXTargetDependency */ = {
			isa = PBXTargetDependency;
			target = C6FC92D51945A21F00497983 /* TexasProbability */;
			targetProxy = C6FC92FC1945A22000497983 /* PBXContainerItemProxy */;
		};
/* End PBXTargetDependency section */

/* Begin PBXVariantGroup section */
		C6FC92E21945A21F00497983 /* InfoPlist.strings */ = {
			isa = PBXVariantGroup;
			children = (
				C6FC92E31945A21F00497983 /* en */,
			);
			name = InfoPlist.strings;
			sourceTree = "<group>";
		};
		C6FC92EB1945A21F00497983 /* Main.storyboard */ = {
			isa = PBXVariantGroup;
			children = (
				C6FC92EC1945A21F00497983 /* Base */,
			);
			name = Main.storyboard;
			sourceTree = "<group>";
		};
		C6FC93011945A22000497983 /* InfoPlist.strings */ = {
			isa = PBXVariantGroup;
			children = (
				C6FC93021945A22000497983 /* en */,
			);
			name = InfoPlist.strings;
			sourceTree = "<group>";
		};
/* End PBXVariantGroup section */

/* Begin XCBuildConfiguration section */
		C6FC93061945A22000497983 /* Debug */ = {
			isa = XCBuildConfiguration;
			buildSettings = {
				ALWAYS_SEARCH_USER_PATHS = NO;
				CLANG_CXX_LANGUAGE_STANDARD = "gnu++0x";
				CLANG_CXX_LIBRARY = "libc++";
				CLANG_ENABLE_MODULES = YES;
				CLANG_ENABLE_OBJC_ARC = YES;
				CLANG_WARN_BOOL_CONVERSION = YES;
				CLANG_WARN_CONSTANT_CONVERSION = YES;
				CLANG_WARN_DIRECT_OBJC_ISA_USAGE = YES_ERROR;
				CLANG_WARN_EMPTY_BODY = YES;
				CLANG_WARN_ENUM_CONVERSION = YES;
				CLANG_WARN_INT_CONVERSION = YES;
				CLANG_WARN_OBJC_ROOT_CLASS = YES_ERROR;
				CLANG_WARN__DUPLICATE_METHOD_MATCH = YES;
				"CODE_SIGN_IDENTITY[sdk=iphoneos*]" = "iPhone Developer";
				COPY_PHASE_STRIP = NO;
				GCC_C_LANGUAGE_STANDARD = gnu99;
				GCC_DYNAMIC_NO_PIC = NO;
				GCC_OPTIMIZATION_LEVEL = 0;
				GCC_PREPROCESSOR_DEFINITIONS = (
					"DEBUG=1",
					"$(inherited)",
				);
				GCC_SYMBOLS_PRIVATE_EXTERN = NO;
				GCC_WARN_64_TO_32_BIT_CONVERSION = YES;
				GCC_WARN_ABOUT_RETURN_TYPE = YES_ERROR;
				GCC_WARN_UNDECLARED_SELECTOR = YES;
				GCC_WARN_UNINITIALIZED_AUTOS = YES_AGGRESSIVE;
				GCC_WARN_UNUSED_FUNCTION = YES;
				GCC_WARN_UNUSED_VARIABLE = YES;
				IPHONEOS_DEPLOYMENT_TARGET = 7.1;
				ONLY_ACTIVE_ARCH = YES;
				SDKROOT = iphoneos;
			};
			name = Debug;
		};
		C6FC93071945A22000497983 /* Release */ = {
			isa = XCBuildConfiguration;
			buildSettings = {
				ALWAYS_SEARCH_USER_PATHS = NO;
				CLANG_CXX_LANGUAGE_STANDARD = "gnu++0x";
				CLANG_CXX_LIBRARY = "libc++";
				CLANG_ENABLE_MODULES = YES;
				CLANG_ENABLE_OBJC_ARC = YES;
				CLANG_WARN_BOOL_CONVERSION = YES;
				CLANG_WARN_CONSTANT_CONVERSION = YES;
				CLANG_WARN_DIRECT_OBJC_ISA_USAGE = YES_ERROR;
				CLANG_WARN_EMPTY_BODY = YES;
				CLANG_WARN_ENUM_CONVERSION = YES;
				CLANG_WARN_INT_CONVERSION = YES;
				CLANG_WARN_OBJC_ROOT_CLASS = YES_ERROR;
				CLANG_WARN__DUPLICATE_METHOD_MATCH = YES;
				"CODE_SIGN_IDENTITY[sdk=iphoneos*]" = "iPhone Developer";
				COPY_PHASE_STRIP = YES;
				ENABLE_NS_ASSERTIONS = NO;
				GCC_C_LANGUAGE_STANDARD = gnu99;
				GCC_WARN_64_TO_32_BIT_CONVERSION = YES;
				GCC_WARN_ABOUT_RETURN_TYPE = YES_ERROR;
				GCC_WARN_UNDECLARED_SELECTOR = YES;
				GCC_WARN_UNINITIALIZED_AUTOS = YES_AGGRESSIVE;
				GCC_WARN_UNUSED_FUNCTION = YES;
				GCC_WARN_UNUSED_VARIABLE = YES;
				IPHONEOS_DEPLOYMENT_TARGET = 7.1;
				SDKROOT = iphoneos;
				VALIDATE_PRODUCT = YES;
			};
			name = Release;
		};
		C6FC93091945A22000497983 /* Debug */ = {
			isa = XCBuildConfiguration;
			buildSettings = {
				ASSETCATALOG_COMPILER_APPICON_NAME = AppIcon;
				ASSETCATALOG_COMPILER_LAUNCHIMAGE_NAME = LaunchImage;
				GCC_PRECOMPILE_PREFIX_HEADER = YES;
				GCC_PREFIX_HEADER = "TexasProbability/TexasProbability-Prefix.pch";
				INFOPLIST_FILE = "TexasProbability/TexasProbability-Info.plist";
				PRODUCT_NAME = "$(TARGET_NAME)";
				WRAPPER_EXTENSION = app;
			};
			name = Debug;
		};
		C6FC930A1945A22000497983 /* Release */ = {
			isa = XCBuildConfiguration;
			buildSettings = {
				ASSETCATALOG_COMPILER_APPICON_NAME = AppIcon;
				ASSETCATALOG_COMPILER_LAUNCHIMAGE_NAME = LaunchImage;
				GCC_PRECOMPILE_PREFIX_HEADER = YES;
				GCC_PREFIX_HEADER = "TexasProbability/TexasProbability-Prefix.pch";
				INFOPLIST_FILE = "TexasProbability/TexasProbability-Info.plist";
				PRODUCT_NAME = "$(TARGET_NAME)";
				WRAPPER_EXTENSION = app;
			};
			name = Release;
		};
		C6FC930C1945A22000497983 /* Debug */ = {
			isa = XCBuildConfiguration;
			buildSettings = {
				BUNDLE_LOADER = "$(BUILT_PRODUCTS_DIR)/TexasProbability.app/TexasProbability";
				FRAMEWORK_SEARCH_PATHS = (
					"$(SDKROOT)/Developer/Library/Frameworks",
					"$(inherited)",
					"$(DEVELOPER_FRAMEWORKS_DIR)",
				);
				GCC_PRECOMPILE_PREFIX_HEADER = YES;
				GCC_PREFIX_HEADER = "TexasProbability/TexasProbability-Prefix.pch";
				GCC_PREPROCESSOR_DEFINITIONS = (
					"DEBUG=1",
					"$(inherited)",
				);
				INFOPLIST_FILE = "TexasProbabilityTests/TexasProbabilityTests-Info.plist";
				PRODUCT_NAME = "$(TARGET_NAME)";
				TEST_HOST = "$(BUNDLE_LOADER)";
				WRAPPER_EXTENSION = xctest;
			};
			name = Debug;
		};
		C6FC930D1945A22000497983 /* Release */ = {
			isa = XCBuildConfiguration;
			buildSettings = {
				BUNDLE_LOADER = "$(BUILT_PRODUCTS_DIR)/TexasProbability.app/TexasProbability";
				FRAMEWORK_SEARCH_PATHS = (
					"$(SDKROOT)/Developer/Library/Frameworks",
					"$(inherited)",
					"$(DEVELOPER_FRAMEWORKS_DIR)",
				);
				GCC_PRECOMPILE_PREFIX_HEADER = YES;
				GCC_PREFIX_HEADER = "TexasProbability/TexasProbability-Prefix.pch";
				INFOPLIST_FILE = "TexasProbabilityTests/TexasProbabilityTests-Info.plist";
				PRODUCT_NAME = "$(TARGET_NAME)";
				TEST_HOST = "$(BUNDLE_LOADER)";
				WRAPPER_EXTENSION = xctest;
			};
			name = Release;
		};
/* End XCBuildConfiguration section */

/* Begin XCConfigurationList section */
		C6FC92D11945A21F00497983 /* Build configuration list for PBXProject "TexasProbability" */ = {
			isa = XCConfigurationList;
			buildConfigurations = (
				C6FC93061945A22000497983 /* Debug */,
				C6FC93071945A22000497983 /* Release */,
			);
			defaultConfigurationIsVisible = 0;
			defaultConfigurationName = Release;
		};
		C6FC93081945A22000497983 /* Build configuration list for PBXNativeTarget "TexasProbability" */ = {
			isa = XCConfigurationList;
			buildConfigurations = (
				C6FC93091945A22000497983 /* Debug */,
				C6FC930A1945A22000497983 /* Release */,
			);
			defaultConfigurationIsVisible = 0;
			defaultConfigurationName = Release;
		};
		C6FC930B1945A22000497983 /* Build configuration list for PBXNativeTarget "TexasProbabilityTests" */ = {
			isa = XCConfigurationList;
			buildConfigurations = (
				C6FC930C1945A22000497983 /* Debug */,
				C6FC930D1945A22000497983 /* Release */,
			);
			defaultConfigurationIsVisible = 0;
			defaultConfigurationName = Release;
		};
/* End XCConfigurationList section */
	};
	rootObject = C6FC92CE1945A21F00497983 /* Project object */;
}
